
Microsoft Visual Studio Solution File, Format Version 12.00
# Visual Studio Version 17
VisualStudioVersion = 17.12.35514.174 d17.12
MinimumVisualStudioVersion = 10.0.40219.1
Project("{FAE04EC0-301F-11D3-BF4B-00C04F79EFBC}") = "TrainerTraineeConsoleApp", "TrainerTraineeConsoleApp\TrainerTraineeConsoleApp.csproj", "{314BACF4-5BC1-440B-BE4C-387650BD62F2}"
EndProject
Project("{FAE04EC0-301F-11D3-BF4B-00C04F79EFBC}") = "IDELangugesDemo", "IDELangugesDemo\IDELangugesDemo.csproj", "{B812D987-61AB-4D98-8F37-93A88EF8A0D0}"
EndProject
Project("{FAE04EC0-301F-11D3-BF4B-00C04F79EFBC}") = "ExceptionsDemo1", "ExceptionsDemo1\ExceptionsDemo1.csproj", "{400A414E-A046-467D-9783-EC3D1D17BA5B}"
EndProject
Project("{FAE04EC0-301F-11D3-BF4B-00C04F79EFBC}") = "SimpleMathClassLibrary", "SimpleMathClassLibrary\SimpleMathClassLibrary.csproj", "{05E9A70A-1A7D-4903-B797-45D05F1DABDA}"
EndProject
Project("{2150E333-8FDC-42A3-9474-1A3956D46DE8}") = "Delegates", "Delegates", "{23CD95F6-6F38-40D3-A7FD-E5289D8FBF33}"
EndProject
Project("{FAE04EC0-301F-11D3-BF4B-00C04F79EFBC}") = "DelegatesDemo1", "DelegatesDemo1\DelegatesDemo1.csproj", "{803554D1-E550-4FB6-99DE-55E87721989A}"
EndProject
Project("{FAE04EC0-301F-11D3-BF4B-00C04F79EFBC}") = "DelegateDemo2", "DelegateDemo2\DelegateDemo2.csproj", "{67419A3A-2115-4CDF-824C-DDDCD37F4CA2}"
EndProject
Project("{FAE04EC0-301F-11D3-BF4B-00C04F79EFBC}") = "DelegateDemo3", "DelegateDemo3\DelegateDemo3.csproj", "{170A4812-19DC-4D06-9305-560DF896D2E4}"
EndProject
Project("{2150E333-8FDC-42A3-9474-1A3956D46DE8}") = "LINQ", "LINQ", "{4CCA5DD2-D298-49EB-947E-023D06CD2688}"
EndProject
Project("{FAE04EC0-301F-11D3-BF4B-00C04F79EFBC}") = "LINQDemo1", "LINQDemo1\LINQDemo1.csproj", "{E31E679A-FB4D-49E7-960A-C51539069483}"
EndProject
Project("{FAE04EC0-301F-11D3-BF4B-00C04F79EFBC}") = "LanguageEnhancements", "LanguageEnhancements\LanguageEnhancements.csproj", "{F2EE02BC-ACBF-4C60-9038-124C95E9C4A8}"
EndProject
Project("{FAE04EC0-301F-11D3-BF4B-00C04F79EFBC}") = "LinqDemo2", "LinqDemo2\LinqDemo2.csproj", "{34922054-D7BD-4EF7-853C-E34BBCD81927}"
EndProject
Project("{FAE04EC0-301F-11D3-BF4B-00C04F79EFBC}") = "LinqDemo4", "LinqDemo4\LinqDemo4.csproj", "{AA6F14C9-5209-415E-AAC7-77773C347BFE}"
EndProject
Project("{FAE04EC0-301F-11D3-BF4B-00C04F79EFBC}") = "LinqToXML", "LinqToXML\LinqToXML.csproj", "{09523F58-1325-4576-9B08-C9AB9F1BA85A}"
EndProject
Project("{FAE04EC0-301F-11D3-BF4B-00C04F79EFBC}") = "LinqToObjectsDemo", "LinqToObjectsDemo\LinqToObjectsDemo.csproj", "{94BF7B68-537B-4090-AFF9-87C238375497}"
EndProject
Project("{FAE04EC0-301F-11D3-BF4B-00C04F79EFBC}") = "POSApp", "POSApp\POSApp.csproj", "{6A07014F-7606-45A8-8438-0DAED72D99B7}"
EndProject
Global
	GlobalSection(SolutionConfigurationPlatforms) = preSolution
		Debug|Any CPU = Debug|Any CPU
		Release|Any CPU = Release|Any CPU
	EndGlobalSection
	GlobalSection(ProjectConfigurationPlatforms) = postSolution
		{314BACF4-5BC1-440B-BE4C-387650BD62F2}.Debug|Any CPU.ActiveCfg = Debug|Any CPU
		{314BACF4-5BC1-440B-BE4C-387650BD62F2}.Debug|Any CPU.Build.0 = Debug|Any CPU
		{314BACF4-5BC1-440B-BE4C-387650BD62F2}.Release|Any CPU.ActiveCfg = Release|Any CPU
		{314BACF4-5BC1-440B-BE4C-387650BD62F2}.Release|Any CPU.Build.0 = Release|Any CPU
		{B812D987-61AB-4D98-8F37-93A88EF8A0D0}.Debug|Any CPU.ActiveCfg = Debug|Any CPU
		{B812D987-61AB-4D98-8F37-93A88EF8A0D0}.Debug|Any CPU.Build.0 = Debug|Any CPU
		{B812D987-61AB-4D98-8F37-93A88EF8A0D0}.Release|Any CPU.ActiveCfg = Release|Any CPU
		{B812D987-61AB-4D98-8F37-93A88EF8A0D0}.Release|Any CPU.Build.0 = Release|Any CPU
		{400A414E-A046-467D-9783-EC3D1D17BA5B}.Debug|Any CPU.ActiveCfg = Debug|Any CPU
		{400A414E-A046-467D-9783-EC3D1D17BA5B}.Debug|Any CPU.Build.0 = Debug|Any CPU
		{400A414E-A046-467D-9783-EC3D1D17BA5B}.Release|Any CPU.ActiveCfg = Release|Any CPU
		{400A414E-A046-467D-9783-EC3D1D17BA5B}.Release|Any CPU.Build.0 = Release|Any CPU
		{05E9A70A-1A7D-4903-B797-45D05F1DABDA}.Debug|Any CPU.ActiveCfg = Debug|Any CPU
		{05E9A70A-1A7D-4903-B797-45D05F1DABDA}.Debug|Any CPU.Build.0 = Debug|Any CPU
		{05E9A70A-1A7D-4903-B797-45D05F1DABDA}.Release|Any CPU.ActiveCfg = Release|Any CPU
		{05E9A70A-1A7D-4903-B797-45D05F1DABDA}.Release|Any CPU.Build.0 = Release|Any CPU
		{803554D1-E550-4FB6-99DE-55E87721989A}.Debug|Any CPU.ActiveCfg = Debug|Any CPU
		{803554D1-E550-4FB6-99DE-55E87721989A}.Debug|Any CPU.Build.0 = Debug|Any CPU
		{803554D1-E550-4FB6-99DE-55E87721989A}.Release|Any CPU.ActiveCfg = Release|Any CPU
		{803554D1-E550-4FB6-99DE-55E87721989A}.Release|Any CPU.Build.0 = Release|Any CPU
		{67419A3A-2115-4CDF-824C-DDDCD37F4CA2}.Debug|Any CPU.ActiveCfg = Debug|Any CPU
		{67419A3A-2115-4CDF-824C-DDDCD37F4CA2}.Debug|Any CPU.Build.0 = Debug|Any CPU
		{67419A3A-2115-4CDF-824C-DDDCD37F4CA2}.Release|Any CPU.ActiveCfg = Release|Any CPU
		{67419A3A-2115-4CDF-824C-DDDCD37F4CA2}.Release|Any CPU.Build.0 = Release|Any CPU
		{170A4812-19DC-4D06-9305-560DF896D2E4}.Debug|Any CPU.ActiveCfg = Debug|Any CPU
		{170A4812-19DC-4D06-9305-560DF896D2E4}.Debug|Any CPU.Build.0 = Debug|Any CPU
		{170A4812-19DC-4D06-9305-560DF896D2E4}.Release|Any CPU.ActiveCfg = Release|Any CPU
		{170A4812-19DC-4D06-9305-560DF896D2E4}.Release|Any CPU.Build.0 = Release|Any CPU
		{E31E679A-FB4D-49E7-960A-C51539069483}.Debug|Any CPU.ActiveCfg = Debug|Any CPU
		{E31E679A-FB4D-49E7-960A-C51539069483}.Debug|Any CPU.Build.0 = Debug|Any CPU
		{E31E679A-FB4D-49E7-960A-C51539069483}.Release|Any CPU.ActiveCfg = Release|Any CPU
		{E31E679A-FB4D-49E7-960A-C51539069483}.Release|Any CPU.Build.0 = Release|Any CPU
		{F2EE02BC-ACBF-4C60-9038-124C95E9C4A8}.Debug|Any CPU.ActiveCfg = Debug|Any CPU
		{F2EE02BC-ACBF-4C60-9038-124C95E9C4A8}.Debug|Any CPU.Build.0 = Debug|Any CPU
		{F2EE02BC-ACBF-4C60-9038-124C95E9C4A8}.Release|Any CPU.ActiveCfg = Release|Any CPU
		{F2EE02BC-ACBF-4C60-9038-124C95E9C4A8}.Release|Any CPU.Build.0 = Release|Any CPU
		{34922054-D7BD-4EF7-853C-E34BBCD81927}.Debug|Any CPU.ActiveCfg = Debug|Any CPU
		{34922054-D7BD-4EF7-853C-E34BBCD81927}.Debug|Any CPU.Build.0 = Debug|Any CPU
		{34922054-D7BD-4EF7-853C-E34BBCD81927}.Release|Any CPU.ActiveCfg = Release|Any CPU
		{34922054-D7BD-4EF7-853C-E34BBCD81927}.Release|Any CPU.Build.0 = Release|Any CPU
		{AA6F14C9-5209-415E-AAC7-77773C347BFE}.Debug|Any CPU.ActiveCfg = Debug|Any CPU
		{AA6F14C9-5209-415E-AAC7-77773C347BFE}.Debug|Any CPU.Build.0 = Debug|Any CPU
		{AA6F14C9-5209-415E-AAC7-77773C347BFE}.Release|Any CPU.ActiveCfg = Release|Any CPU
		{AA6F14C9-5209-415E-AAC7-77773C347BFE}.Release|Any CPU.Build.0 = Release|Any CPU
		{09523F58-1325-4576-9B08-C9AB9F1BA85A}.Debug|Any CPU.ActiveCfg = Debug|Any CPU
		{09523F58-1325-4576-9B08-C9AB9F1BA85A}.Debug|Any CPU.Build.0 = Debug|Any CPU
		{09523F58-1325-4576-9B08-C9AB9F1BA85A}.Release|Any CPU.ActiveCfg = Release|Any CPU
		{09523F58-1325-4576-9B08-C9AB9F1BA85A}.Release|Any CPU.Build.0 = Release|Any CPU
		{94BF7B68-537B-4090-AFF9-87C238375497}.Debug|Any CPU.ActiveCfg = Debug|Any CPU
		{94BF7B68-537B-4090-AFF9-87C238375497}.Debug|Any CPU.Build.0 = Debug|Any CPU
		{94BF7B68-537B-4090-AFF9-87C238375497}.Release|Any CPU.ActiveCfg = Release|Any CPU
		{94BF7B68-537B-4090-AFF9-87C238375497}.Release|Any CPU.Build.0 = Release|Any CPU
		{6A07014F-7606-45A8-8438-0DAED72D99B7}.Debug|Any CPU.ActiveCfg = Debug|Any CPU
		{6A07014F-7606-45A8-8438-0DAED72D99B7}.Debug|Any CPU.Build.0 = Debug|Any CPU
		{6A07014F-7606-45A8-8438-0DAED72D99B7}.Release|Any CPU.ActiveCfg = Release|Any CPU
		{6A07014F-7606-45A8-8438-0DAED72D99B7}.Release|Any CPU.Build.0 = Release|Any CPU
	EndGlobalSection
	GlobalSection(SolutionProperties) = preSolution
		HideSolutionNode = FALSE
	EndGlobalSection
	GlobalSection(NestedProjects) = preSolution
		{803554D1-E550-4FB6-99DE-55E87721989A} = {23CD95F6-6F38-40D3-A7FD-E5289D8FBF33}
		{67419A3A-2115-4CDF-824C-DDDCD37F4CA2} = {23CD95F6-6F38-40D3-A7FD-E5289D8FBF33}
		{170A4812-19DC-4D06-9305-560DF896D2E4} = {23CD95F6-6F38-40D3-A7FD-E5289D8FBF33}
		{E31E679A-FB4D-49E7-960A-C51539069483} = {4CCA5DD2-D298-49EB-947E-023D06CD2688}
		{F2EE02BC-ACBF-4C60-9038-124C95E9C4A8} = {4CCA5DD2-D298-49EB-947E-023D06CD2688}
		{34922054-D7BD-4EF7-853C-E34BBCD81927} = {4CCA5DD2-D298-49EB-947E-023D06CD2688}
		{AA6F14C9-5209-415E-AAC7-77773C347BFE} = {4CCA5DD2-D298-49EB-947E-023D06CD2688}
		{09523F58-1325-4576-9B08-C9AB9F1BA85A} = {4CCA5DD2-D298-49EB-947E-023D06CD2688}
		{94BF7B68-537B-4090-AFF9-87C238375497} = {4CCA5DD2-D298-49EB-947E-023D06CD2688}
	EndGlobalSection
EndGlobal
