
Microsoft Visual Studio Solution File, Format Version 12.00
# Visual Studio Version 17
VisualStudioVersion = 17.12.35514.174 d17.12
MinimumVisualStudioVersion = 10.0.40219.1
Project("{FAE04EC0-301F-11D3-BF4B-00C04F79EFBC}") = "TrainerTraineeConsoleApp", "TrainerTraineeConsoleApp\TrainerTraineeConsoleApp.csproj", "{314BACF4-5BC1-440B-BE4C-387650BD62F2}"
EndProject
Project("{FAE04EC0-301F-11D3-BF4B-00C04F79EFBC}") = "IDELangugesDemo", "IDELangugesDemo\IDELangugesDemo.csproj", "{B812D987-61AB-4D98-8F37-93A88EF8A0D0}"
EndProject
Global
	GlobalSection(SolutionConfigurationPlatforms) = preSolution
		Debug|Any CPU = Debug|Any CPU
		Release|Any CPU = Release|Any CPU
	EndGlobalSection
	GlobalSection(ProjectConfigurationPlatforms) = postSolution
		{314BACF4-5BC1-440B-BE4C-387650BD62F2}.Debug|Any CPU.ActiveCfg = Debug|Any CPU
		{314BACF4-5BC1-440B-BE4C-387650BD62F2}.Debug|Any CPU.Build.0 = Debug|Any CPU
		{314BACF4-5BC1-440B-BE4C-387650BD62F2}.Release|Any CPU.ActiveCfg = Release|Any CPU
		{314BACF4-5BC1-440B-BE4C-387650BD62F2}.Release|Any CPU.Build.0 = Release|Any CPU
		{B812D987-61AB-4D98-8F37-93A88EF8A0D0}.Debug|Any CPU.ActiveCfg = Debug|Any CPU
		{B812D987-61AB-4D98-8F37-93A88EF8A0D0}.Debug|Any CPU.Build.0 = Debug|Any CPU
		{B812D987-61AB-4D98-8F37-93A88EF8A0D0}.Release|Any CPU.ActiveCfg = Release|Any CPU
		{B812D987-61AB-4D98-8F37-93A88EF8A0D0}.Release|Any CPU.Build.0 = Release|Any CPU
	EndGlobalSection
	GlobalSection(SolutionProperties) = preSolution
		HideSolutionNode = FALSE
	EndGlobalSection
EndGlobal
